
Microsoft Visual Studio Solution File, Format Version 12.00
# Visual Studio 2012
Project("{F184B08F-C81C-45F6-A57F-5ABD9991F28F}") = "Huntington Project", "Huntington Project\Huntington Project.vbproj", "{B20ACCE7-28D4-45F5-9DD1-71AEADCD8D12}"
EndProject
Global
	GlobalSection(SolutionConfigurationPlatforms) = preSolution
		Debug|Any CPU = Debug|Any CPU
		Release|Any CPU = Release|Any CPU
	EndGlobalSection
	GlobalSection(ProjectConfigurationPlatforms) = postSolution
		{B20ACCE7-28D4-45F5-9DD1-71AEADCD8D12}.Debug|Any CPU.ActiveCfg = Debug|Any CPU
		{B20ACCE7-28D4-45F5-9DD1-71AEADCD8D12}.Debug|Any CPU.Build.0 = Debug|Any CPU
		{B20ACCE7-28D4-45F5-9DD1-71AEADCD8D12}.Release|Any CPU.ActiveCfg = Release|Any CPU
		{B20ACCE7-28D4-45F5-9DD1-71AEADCD8D12}.Release|Any CPU.Build.0 = Release|Any CPU
	EndGlobalSection
	GlobalSection(SolutionProperties) = preSolution
		HideSolutionNode = FALSE
	EndGlobalSection
EndGlobal
